
Microsoft Visual Studio Solution File, Format Version 12.00
# Visual Studio Version 17
VisualStudioVersion = 17.4.33213.308
MinimumVisualStudioVersion = 10.0.40219.1
Project("{FAE04EC0-301F-11D3-BF4B-00C04F79EFBC}") = "ClassSubmissionAssignment", "ClassSubmissionAssignment.csproj", "{B8947C96-9BD6-4A4A-AC9D-D6B96E871C32}"
EndProject
Global
	GlobalSection(SolutionConfigurationPlatforms) = preSolution
		Debug|Any CPU = Debug|Any CPU
		Release|Any CPU = Release|Any CPU
	EndGlobalSection
	GlobalSection(ProjectConfigurationPlatforms) = postSolution
		{B8947C96-9BD6-4A4A-AC9D-D6B96E871C32}.Debug|Any CPU.ActiveCfg = Debug|Any CPU
		{B8947C96-9BD6-4A4A-AC9D-D6B96E871C32}.Debug|Any CPU.Build.0 = Debug|Any CPU
		{B8947C96-9BD6-4A4A-AC9D-D6B96E871C32}.Release|Any CPU.ActiveCfg = Release|Any CPU
		{B8947C96-9BD6-4A4A-AC9D-D6B96E871C32}.Release|Any CPU.Build.0 = Release|Any CPU
	EndGlobalSection
	GlobalSection(SolutionProperties) = preSolution
		HideSolutionNode = FALSE
	EndGlobalSection
	GlobalSection(ExtensibilityGlobals) = postSolution
		SolutionGuid = {95DC0C1C-8EF1-4CB8-A990-74A90A6CD0E5}
	EndGlobalSection
EndGlobal
