
Microsoft Visual Studio Solution File, Format Version 12.00
# Visual Studio Version 17
VisualStudioVersion = 17.4.33213.308
MinimumVisualStudioVersion = 10.0.40219.1
Project("{FAE04EC0-301F-11D3-BF4B-00C04F79EFBC}") = "OperatorsSubmissionAssignment", "OperatorsSubmissionAssignment.csproj", "{F67539B8-ECD7-4291-BD13-A85D7A44D094}"
EndProject
Global
	GlobalSection(SolutionConfigurationPlatforms) = preSolution
		Debug|Any CPU = Debug|Any CPU
		Release|Any CPU = Release|Any CPU
	EndGlobalSection
	GlobalSection(ProjectConfigurationPlatforms) = postSolution
		{F67539B8-ECD7-4291-BD13-A85D7A44D094}.Debug|Any CPU.ActiveCfg = Debug|Any CPU
		{F67539B8-ECD7-4291-BD13-A85D7A44D094}.Debug|Any CPU.Build.0 = Debug|Any CPU
		{F67539B8-ECD7-4291-BD13-A85D7A44D094}.Release|Any CPU.ActiveCfg = Release|Any CPU
		{F67539B8-ECD7-4291-BD13-A85D7A44D094}.Release|Any CPU.Build.0 = Release|Any CPU
	EndGlobalSection
	GlobalSection(SolutionProperties) = preSolution
		HideSolutionNode = FALSE
	EndGlobalSection
	GlobalSection(ExtensibilityGlobals) = postSolution
		SolutionGuid = {A402FC41-2CB5-4F9D-81EA-3E1D4D1A2D48}
	EndGlobalSection
EndGlobal
