
Microsoft Visual Studio Solution File, Format Version 12.00
# Visual Studio Version 17
VisualStudioVersion = 17.4.33213.308
MinimumVisualStudioVersion = 10.0.40219.1
Project("{FAE04EC0-301F-11D3-BF4B-00C04F79EFBC}") = "ExceptionHandling", "ExceptionHandling.csproj", "{EC81264F-D0AA-4960-B94C-8C1860D3CE22}"
EndProject
Global
	GlobalSection(SolutionConfigurationPlatforms) = preSolution
		Debug|Any CPU = Debug|Any CPU
		Release|Any CPU = Release|Any CPU
	EndGlobalSection
	GlobalSection(ProjectConfigurationPlatforms) = postSolution
		{EC81264F-D0AA-4960-B94C-8C1860D3CE22}.Debug|Any CPU.ActiveCfg = Debug|Any CPU
		{EC81264F-D0AA-4960-B94C-8C1860D3CE22}.Debug|Any CPU.Build.0 = Debug|Any CPU
		{EC81264F-D0AA-4960-B94C-8C1860D3CE22}.Release|Any CPU.ActiveCfg = Release|Any CPU
		{EC81264F-D0AA-4960-B94C-8C1860D3CE22}.Release|Any CPU.Build.0 = Release|Any CPU
	EndGlobalSection
	GlobalSection(SolutionProperties) = preSolution
		HideSolutionNode = FALSE
	EndGlobalSection
	GlobalSection(ExtensibilityGlobals) = postSolution
		SolutionGuid = {FDBBA4DC-3319-4654-8BA4-D62AA5C67F32}
	EndGlobalSection
EndGlobal
