
Microsoft Visual Studio Solution File, Format Version 12.00
# Visual Studio Version 17
VisualStudioVersion = 17.4.33213.308
MinimumVisualStudioVersion = 10.0.40219.1
Project("{FAE04EC0-301F-11D3-BF4B-00C04F79EFBC}") = "ParsingEnumsSubmisisonAssignment", "ParsingEnumsSubmisisonAssignment.csproj", "{3E8E7A03-6A82-4A00-B583-E6DDABE270E8}"
EndProject
Global
	GlobalSection(SolutionConfigurationPlatforms) = preSolution
		Debug|Any CPU = Debug|Any CPU
		Release|Any CPU = Release|Any CPU
	EndGlobalSection
	GlobalSection(ProjectConfigurationPlatforms) = postSolution
		{3E8E7A03-6A82-4A00-B583-E6DDABE270E8}.Debug|Any CPU.ActiveCfg = Debug|Any CPU
		{3E8E7A03-6A82-4A00-B583-E6DDABE270E8}.Debug|Any CPU.Build.0 = Debug|Any CPU
		{3E8E7A03-6A82-4A00-B583-E6DDABE270E8}.Release|Any CPU.ActiveCfg = Release|Any CPU
		{3E8E7A03-6A82-4A00-B583-E6DDABE270E8}.Release|Any CPU.Build.0 = Release|Any CPU
	EndGlobalSection
	GlobalSection(SolutionProperties) = preSolution
		HideSolutionNode = FALSE
	EndGlobalSection
	GlobalSection(ExtensibilityGlobals) = postSolution
		SolutionGuid = {A965B782-C67A-4689-A94B-3FBD62ABAF90}
	EndGlobalSection
EndGlobal
