
Microsoft Visual Studio Solution File, Format Version 12.00
# Visual Studio Version 17
VisualStudioVersion = 17.4.33213.308
MinimumVisualStudioVersion = 10.0.40219.1
Project("{FAE04EC0-301F-11D3-BF4B-00C04F79EFBC}") = "MethodClassSubmissionAssignment2", "MethodClassSubmissionAssignment2.csproj", "{73C58264-DAE6-4D77-84F4-487EAE3B49E2}"
EndProject
Global
	GlobalSection(SolutionConfigurationPlatforms) = preSolution
		Debug|Any CPU = Debug|Any CPU
		Release|Any CPU = Release|Any CPU
	EndGlobalSection
	GlobalSection(ProjectConfigurationPlatforms) = postSolution
		{73C58264-DAE6-4D77-84F4-487EAE3B49E2}.Debug|Any CPU.ActiveCfg = Debug|Any CPU
		{73C58264-DAE6-4D77-84F4-487EAE3B49E2}.Debug|Any CPU.Build.0 = Debug|Any CPU
		{73C58264-DAE6-4D77-84F4-487EAE3B49E2}.Release|Any CPU.ActiveCfg = Release|Any CPU
		{73C58264-DAE6-4D77-84F4-487EAE3B49E2}.Release|Any CPU.Build.0 = Release|Any CPU
	EndGlobalSection
	GlobalSection(SolutionProperties) = preSolution
		HideSolutionNode = FALSE
	EndGlobalSection
	GlobalSection(ExtensibilityGlobals) = postSolution
		SolutionGuid = {D7C67396-0572-47EF-9DBC-9D13A6815D72}
	EndGlobalSection
EndGlobal
